
Microsoft Visual Studio Solution File, Format Version 12.00
# Visual Studio Version 16
VisualStudioVersion = 16.0.31702.278
MinimumVisualStudioVersion = 10.0.40219.1
Project("{9A19103F-16F7-4668-BE54-9A1E7A4F7556}") = "ESolutions.AzureBlobTools", "ESolutions.AzureBlobTools\ESolutions.AzureBlobTools.csproj", "{F0649191-EDB9-4343-8E93-B2A2E50D5593}"
EndProject
Global
	GlobalSection(SolutionConfigurationPlatforms) = preSolution
		Debug|Any CPU = Debug|Any CPU
		Release|Any CPU = Release|Any CPU
	EndGlobalSection
	GlobalSection(ProjectConfigurationPlatforms) = postSolution
		{F0649191-EDB9-4343-8E93-B2A2E50D5593}.Debug|Any CPU.ActiveCfg = Debug|Any CPU
		{F0649191-EDB9-4343-8E93-B2A2E50D5593}.Debug|Any CPU.Build.0 = Debug|Any CPU
		{F0649191-EDB9-4343-8E93-B2A2E50D5593}.Release|Any CPU.ActiveCfg = Release|Any CPU
		{F0649191-EDB9-4343-8E93-B2A2E50D5593}.Release|Any CPU.Build.0 = Release|Any CPU
	EndGlobalSection
	GlobalSection(SolutionProperties) = preSolution
		HideSolutionNode = FALSE
	EndGlobalSection
	GlobalSection(ExtensibilityGlobals) = postSolution
		SolutionGuid = {C27D430C-3EF8-4833-80EB-EADE3B4AAA47}
	EndGlobalSection
EndGlobal
